
Microsoft Visual Studio Solution File, Format Version 12.00
# Visual Studio Version 17
VisualStudioVersion = 17.8.34330.188
MinimumVisualStudioVersion = 10.0.40219.1
Project("{9A19103F-16F7-4668-BE54-9A1E7A4F7556}") = "UFAGIDROMASH", "UFAGIDROMASH\UFAGIDROMASH.csproj", "{B6887F0B-2573-4FAE-9566-FB6A5C5EFB31}"
EndProject
Global
	GlobalSection(SolutionConfigurationPlatforms) = preSolution
		Debug|Any CPU = Debug|Any CPU
		Release|Any CPU = Release|Any CPU
	EndGlobalSection
	GlobalSection(ProjectConfigurationPlatforms) = postSolution
		{B6887F0B-2573-4FAE-9566-FB6A5C5EFB31}.Debug|Any CPU.ActiveCfg = Debug|Any CPU
		{B6887F0B-2573-4FAE-9566-FB6A5C5EFB31}.Debug|Any CPU.Build.0 = Debug|Any CPU
		{B6887F0B-2573-4FAE-9566-FB6A5C5EFB31}.Release|Any CPU.ActiveCfg = Release|Any CPU
		{B6887F0B-2573-4FAE-9566-FB6A5C5EFB31}.Release|Any CPU.Build.0 = Release|Any CPU
	EndGlobalSection
	GlobalSection(SolutionProperties) = preSolution
		HideSolutionNode = FALSE
	EndGlobalSection
	GlobalSection(ExtensibilityGlobals) = postSolution
		SolutionGuid = {40F21CAB-209F-4FFA-9E0A-DBD05E6D5C70}
	EndGlobalSection
EndGlobal
